
Microsoft Visual Studio Solution File, Format Version 12.00
# Visual Studio Version 17
VisualStudioVersion = 17.0.31903.59
MinimumVisualStudioVersion = 10.0.40219.1
Project("{9A19103F-16F7-4668-BE54-9A1E7A4F7556}") = "IceCreamRatingsAPI", "IceCreamRatingsAPI\IceCreamRatingsAPI.csproj", "{930AA771-2DD2-4AAB-A64F-EB38DE0F3AD8}"
EndProject
Project("{2150E333-8FDC-42A3-9474-1A3956D46DE8}") = "Challenge5", "Challenge5", "{E4AA76FF-888B-4FE2-9378-A06C5B727E8C}"
	ProjectSection(SolutionItems) = preProject
		LogicApp.json = LogicApp.json
	EndProjectSection
EndProject
Global
	GlobalSection(SolutionConfigurationPlatforms) = preSolution
		Debug|Any CPU = Debug|Any CPU
		Release|Any CPU = Release|Any CPU
	EndGlobalSection
	GlobalSection(ProjectConfigurationPlatforms) = postSolution
		{930AA771-2DD2-4AAB-A64F-EB38DE0F3AD8}.Debug|Any CPU.ActiveCfg = Debug|Any CPU
		{930AA771-2DD2-4AAB-A64F-EB38DE0F3AD8}.Debug|Any CPU.Build.0 = Debug|Any CPU
		{930AA771-2DD2-4AAB-A64F-EB38DE0F3AD8}.Release|Any CPU.ActiveCfg = Release|Any CPU
		{930AA771-2DD2-4AAB-A64F-EB38DE0F3AD8}.Release|Any CPU.Build.0 = Release|Any CPU
	EndGlobalSection
	GlobalSection(SolutionProperties) = preSolution
		HideSolutionNode = FALSE
	EndGlobalSection
	GlobalSection(ExtensibilityGlobals) = postSolution
		SolutionGuid = {DB49C3CC-C7C3-4847-9672-3A6B9EF720B6}
	EndGlobalSection
EndGlobal
